// !$*UTF8*$!
{
	archiveVersion = 1;
	classes = {
	};
	objectVersion = 77;
	objects = {

/* Begin PBXContainerItemProxy section */
		18C99FC12D37182F00459825 /* PBXContainerItemProxy */ = {
			isa = PBXContainerItemProxy;
			containerPortal = 18C99FA22D37182E00459825 /* Project object */;
			proxyType = 1;
			remoteGlobalIDString = 18C99FA92D37182E00459825;
			remoteInfo = "Auto Layout Four Color Application";
		};
		18C99FCB2D37182F00459825 /* PBXContainerItemProxy */ = {
			isa = PBXContainerItemProxy;
			containerPortal = 18C99FA22D37182E00459825 /* Project object */;
			proxyType = 1;
			remoteGlobalIDString = 18C99FA92D37182E00459825;
			remoteInfo = "Auto Layout Four Color Application";
		};
/* End PBXContainerItemProxy section */

/* Begin PBXFileReference section */
		18C99FAA2D37182E00459825 /* Auto Layout Four Color Application.app */ = {isa = PBXFileReference; explicitFileType = wrapper.application; includeInIndex = 0; path = "Auto Layout Four Color Application.app"; sourceTree = BUILT_PRODUCTS_DIR; };
		18C99FC02D37182F00459825 /* Auto Layout Four Color ApplicationTests.xctest */ = {isa = PBXFileReference; explicitFileType = wrapper.cfbundle; includeInIndex = 0; path = "Auto Layout Four Color ApplicationTests.xctest"; sourceTree = BUILT_PRODUCTS_DIR; };
		18C99FCA2D37182F00459825 /* Auto Layout Four Color ApplicationUITests.xctest */ = {isa = PBXFileReference; explicitFileType = wrapper.cfbundle; includeInIndex = 0; path = "Auto Layout Four Color ApplicationUITests.xctest"; sourceTree = BUILT_PRODUCTS_DIR; };
/* End PBXFileReference section */

/* Begin PBXFileSystemSynchronizedBuildFileExceptionSet section */
		18C99FD22D37182F00459825 /* Exceptions for "Auto Layout Four Color Application" folder in "Auto Layout Four Color Application" target */ = {
			isa = PBXFileSystemSynchronizedBuildFileExceptionSet;
			membershipExceptions = (
				Info.plist,
			);
			target = 18C99FA92D37182E00459825 /* Auto Layout Four Color Application */;
		};
/* End PBXFileSystemSynchronizedBuildFileExceptionSet section */

/* Begin PBXFileSystemSynchronizedRootGroup section */
		18C99FAC2D37182E00459825 /* Auto Layout Four Color Application */ = {
			isa = PBXFileSystemSynchronizedRootGroup;
			exceptions = (
				18C99FD22D37182F00459825 /* Exceptions for "Auto Layout Four Color Application" folder in "Auto Layout Four Color Application" target */,
			);
			path = "Auto Layout Four Color Application";
			sourceTree = "<group>";
		};
		18C99FC32D37182F00459825 /* Auto Layout Four Color ApplicationTests */ = {
			isa = PBXFileSystemSynchronizedRootGroup;
			path = "Auto Layout Four Color ApplicationTests";
			sourceTree = "<group>";
		};
		18C99FCD2D37182F00459825 /* Auto Layout Four Color ApplicationUITests */ = {
			isa = PBXFileSystemSynchronizedRootGroup;
			path = "Auto Layout Four Color ApplicationUITests";
			sourceTree = "<group>";
		};
/* End PBXFileSystemSynchronizedRootGroup section */

/* Begin PBXFrameworksBuildPhase section */
		18C99FA72D37182E00459825 /* Frameworks */ = {
			isa = PBXFrameworksBuildPhase;
			buildActionMask = 2147483647;
			files = (
			);
			runOnlyForDeploymentPostprocessing = 0;
		};
		18C99FBD2D37182F00459825 /* Frameworks */ = {
			isa = PBXFrameworksBuildPhase;
			buildActionMask = 2147483647;
			files = (
			);
			runOnlyForDeploymentPostprocessing = 0;
		};
		18C99FC72D37182F00459825 /* Frameworks */ = {
			isa = PBXFrameworksBuildPhase;
			buildActionMask = 2147483647;
			files = (
			);
			runOnlyForDeploymentPostprocessing = 0;
		};
/* End PBXFrameworksBuildPhase section */

/* Begin PBXGroup section */
		18C99FA12D37182E00459825 = {
			isa = PBXGroup;
			children = (
				18C99FAC2D37182E00459825 /* Auto Layout Four Color Application */,
				18C99FC32D37182F00459825 /* Auto Layout Four Color ApplicationTests */,
				18C99FCD2D37182F00459825 /* Auto Layout Four Color ApplicationUITests */,
				18C99FAB2D37182E00459825 /* Products */,
			);
			sourceTree = "<group>";
		};
		18C99FAB2D37182E00459825 /* Products */ = {
			isa = PBXGroup;
			children = (
				18C99FAA2D37182E00459825 /* Auto Layout Four Color Application.app */,
				18C99FC02D37182F00459825 /* Auto Layout Four Color ApplicationTests.xctest */,
				18C99FCA2D37182F00459825 /* Auto Layout Four Color ApplicationUITests.xctest */,
			);
			name = Products;
			sourceTree = "<group>";
		};
/* End PBXGroup section */

/* Begin PBXNativeTarget section */
		18C99FA92D37182E00459825 /* Auto Layout Four Color Application */ = {
			isa = PBXNativeTarget;
			buildConfigurationList = 18C99FD32D37182F00459825 /* Build configuration list for PBXNativeTarget "Auto Layout Four Color Application" */;
			buildPhases = (
				18C99FA62D37182E00459825 /* Sources */,
				18C99FA72D37182E00459825 /* Frameworks */,
				18C99FA82D37182E00459825 /* Resources */,
			);
			buildRules = (
			);
			dependencies = (
			);
			fileSystemSynchronizedGroups = (
				18C99FAC2D37182E00459825 /* Auto Layout Four Color Application */,
			);
			name = "Auto Layout Four Color Application";
			packageProductDependencies = (
			);
			productName = "Auto Layout Four Color Application";
			productReference = 18C99FAA2D37182E00459825 /* Auto Layout Four Color Application.app */;
			productType = "com.apple.product-type.application";
		};
		18C99FBF2D37182F00459825 /* Auto Layout Four Color ApplicationTests */ = {
			isa = PBXNativeTarget;
			buildConfigurationList = 18C99FD82D37182F00459825 /* Build configuration list for PBXNativeTarget "Auto Layout Four Color ApplicationTests" */;
			buildPhases = (
				18C99FBC2D37182F00459825 /* Sources */,
				18C99FBD2D37182F00459825 /* Frameworks */,
				18C99FBE2D37182F00459825 /* Resources */,
			);
			buildRules = (
			);
			dependencies = (
				18C99FC22D37182F00459825 /* PBXTargetDependency */,
			);
			fileSystemSynchronizedGroups = (
				18C99FC32D37182F00459825 /* Auto Layout Four Color ApplicationTests */,
			);
			name = "Auto Layout Four Color ApplicationTests";
			packageProductDependencies = (
			);
			productName = "Auto Layout Four Color ApplicationTests";
			productReference = 18C99FC02D37182F00459825 /* Auto Layout Four Color ApplicationTests.xctest */;
			productType = "com.apple.product-type.bundle.unit-test";
		};
		18C99FC92D37182F00459825 /* Auto Layout Four Color ApplicationUITests */ = {
			isa = PBXNativeTarget;
			buildConfigurationList = 18C99FDB2D37182F00459825 /* Build configuration list for PBXNativeTarget "Auto Layout Four Color ApplicationUITests" */;
			buildPhases = (
				18C99FC62D37182F00459825 /* Sources */,
				18C99FC72D37182F00459825 /* Frameworks */,
				18C99FC82D37182F00459825 /* Resources */,
			);
			buildRules = (
			);
			dependencies = (
				18C99FCC2D37182F00459825 /* PBXTargetDependency */,
			);
			fileSystemSynchronizedGroups = (
				18C99FCD2D37182F00459825 /* Auto Layout Four Color ApplicationUITests */,
			);
			name = "Auto Layout Four Color ApplicationUITests";
			packageProductDependencies = (
			);
			productName = "Auto Layout Four Color ApplicationUITests";
			productReference = 18C99FCA2D37182F00459825 /* Auto Layout Four Color ApplicationUITests.xctest */;
			productType = "com.apple.product-type.bundle.ui-testing";
		};
/* End PBXNativeTarget section */

/* Begin PBXProject section */
		18C99FA22D37182E00459825 /* Project object */ = {
			isa = PBXProject;
			attributes = {
				BuildIndependentTargetsInParallel = 1;
				LastSwiftUpdateCheck = 1620;
				LastUpgradeCheck = 1620;
				TargetAttributes = {
					18C99FA92D37182E00459825 = {
						CreatedOnToolsVersion = 16.2;
					};
					18C99FBF2D37182F00459825 = {
						CreatedOnToolsVersion = 16.2;
						TestTargetID = 18C99FA92D37182E00459825;
					};
					18C99FC92D37182F00459825 = {
						CreatedOnToolsVersion = 16.2;
						TestTargetID = 18C99FA92D37182E00459825;
					};
				};
			};
			buildConfigurationList = 18C99FA52D37182E00459825 /* Build configuration list for PBXProject "Auto Layout Four Color Application" */;
			developmentRegion = en;
			hasScannedForEncodings = 0;
			knownRegions = (
				en,
				Base,
			);
			mainGroup = 18C99FA12D37182E00459825;
			minimizedProjectReferenceProxies = 1;
			preferredProjectObjectVersion = 77;
			productRefGroup = 18C99FAB2D37182E00459825 /* Products */;
			projectDirPath = "";
			projectRoot = "";
			targets = (
				18C99FA92D37182E00459825 /* Auto Layout Four Color Application */,
				18C99FBF2D37182F00459825 /* Auto Layout Four Color ApplicationTests */,
				18C99FC92D37182F00459825 /* Auto Layout Four Color ApplicationUITests */,
			);
		};
/* End PBXProject section */

/* Begin PBXResourcesBuildPhase section */
		18C99FA82D37182E00459825 /* Resources */ = {
			isa = PBXResourcesBuildPhase;
			buildActionMask = 2147483647;
			files = (
			);
			runOnlyForDeploymentPostprocessing = 0;
		};
		18C99FBE2D37182F00459825 /* Resources */ = {
			isa = PBXResourcesBuildPhase;
			buildActionMask = 2147483647;
			files = (
			);
			runOnlyForDeploymentPostprocessing = 0;
		};
		18C99FC82D37182F00459825 /* Resources */ = {
			isa = PBXResourcesBuildPhase;
			buildActionMask = 2147483647;
			files = (
			);
			runOnlyForDeploymentPostprocessing = 0;
		};
/* End PBXResourcesBuildPhase section */

/* Begin PBXSourcesBuildPhase section */
		18C99FA62D37182E00459825 /* Sources */ = {
			isa = PBXSourcesBuildPhase;
			buildActionMask = 2147483647;
			files = (
			);
			runOnlyForDeploymentPostprocessing = 0;
		};
		18C99FBC2D37182F00459825 /* Sources */ = {
			isa = PBXSourcesBuildPhase;
			buildActionMask = 2147483647;
			files = (
			);
			runOnlyForDeploymentPostprocessing = 0;
		};
		18C99FC62D37182F00459825 /* Sources */ = {
			isa = PBXSourcesBuildPhase;
			buildActionMask = 2147483647;
			files = (
			);
			runOnlyForDeploymentPostprocessing = 0;
		};
/* End PBXSourcesBuildPhase section */

/* Begin PBXTargetDependency section */
		18C99FC22D37182F00459825 /* PBXTargetDependency */ = {
			isa = PBXTargetDependency;
			target = 18C99FA92D37182E00459825 /* Auto Layout Four Color Application */;
			targetProxy = 18C99FC12D37182F00459825 /* PBXContainerItemProxy */;
		};
		18C99FCC2D37182F00459825 /* PBXTargetDependency */ = {
			isa = PBXTargetDependency;
			target = 18C99FA92D37182E00459825 /* Auto Layout Four Color Application */;
			targetProxy = 18C99FCB2D37182F00459825 /* PBXContainerItemProxy */;
		};
/* End PBXTargetDependency section */

/* Begin XCBuildConfiguration section */
		18C99FD42D37182F00459825 /* Debug */ = {
			isa = XCBuildConfiguration;
			buildSettings = {
				ASSETCATALOG_COMPILER_APPICON_NAME = AppIcon;
				ASSETCATALOG_COMPILER_GLOBAL_ACCENT_COLOR_NAME = AccentColor;
				CODE_SIGN_STYLE = Automatic;
				CURRENT_PROJECT_VERSION = 1;
				DEVELOPMENT_TEAM = 5GF67AW776;
				GENERATE_INFOPLIST_FILE = YES;
				INFOPLIST_FILE = "Auto Layout Four Color Application/Info.plist";
				INFOPLIST_KEY_UIApplicationSupportsIndirectInputEvents = YES;
				INFOPLIST_KEY_UILaunchStoryboardName = LaunchScreen;
				INFOPLIST_KEY_UIMainStoryboardFile = Main;
				INFOPLIST_KEY_UISupportedInterfaceOrientations_iPad = "UIInterfaceOrientationPortrait UIInterfaceOrientationPortraitUpsideDown UIInterfaceOrientationLandscapeLeft UIInterfaceOrientationLandscapeRight";
				INFOPLIST_KEY_UISupportedInterfaceOrientations_iPhone = "UIInterfaceOrientationPortrait UIInterfaceOrientationLandscapeLeft UIInterfaceOrientationLandscapeRight";
				LD_RUNPATH_SEARCH_PATHS = (
					"$(inherited)",
					"@executable_path/Frameworks",
				);
				MARKETING_VERSION = 1.0;
				PRODUCT_BUNDLE_IDENTIFIER = "info.Auto-Layout-Four-Color-Application";
				PRODUCT_NAME = "$(TARGET_NAME)";
				SWIFT_EMIT_LOC_STRINGS = YES;
				SWIFT_VERSION = 5.0;
				TARGETED_DEVICE_FAMILY = "1,2";
			};
			name = Debug;
		};
		18C99FD52D37182F00459825 /* Release */ = {
			isa = XCBuildConfiguration;
			buildSettings = {
				ASSETCATALOG_COMPILER_APPICON_NAME = AppIcon;
				ASSETCATALOG_COMPILER_GLOBAL_ACCENT_COLOR_NAME = AccentColor;
				CODE_SIGN_STYLE = Automatic;
				CURRENT_PROJECT_VERSION = 1;
				DEVELOPMENT_TEAM = 5GF67AW776;
				GENERATE_INFOPLIST_FILE = YES;
				INFOPLIST_FILE = "Auto Layout Four Color Application/Info.plist";
				INFOPLIST_KEY_UIApplicationSupportsIndirectInputEvents = YES;
				INFOPLIST_KEY_UILaunchStoryboardName = LaunchScreen;
				INFOPLIST_KEY_UIMainStoryboardFile = Main;
				INFOPLIST_KEY_UISupportedInterfaceOrientations_iPad = "UIInterfaceOrientationPortrait UIInterfaceOrientationPortraitUpsideDown UIInterfaceOrientationLandscapeLeft UIInterfaceOrientationLandscapeRight";
				INFOPLIST_KEY_UISupportedInterfaceOrientations_iPhone = "UIInterfaceOrientationPortrait UIInterfaceOrientationLandscapeLeft UIInterfaceOrientationLandscapeRight";
				LD_RUNPATH_SEARCH_PATHS = (
					"$(inherited)",
					"@executable_path/Frameworks",
				);
				MARKETING_VERSION = 1.0;
				PRODUCT_BUNDLE_IDENTIFIER = "info.Auto-Layout-Four-Color-Application";
				PRODUCT_NAME = "$(TARGET_NAME)";
				SWIFT_EMIT_LOC_STRINGS = YES;
				SWIFT_VERSION = 5.0;
				TARGETED_DEVICE_FAMILY = "1,2";
			};
			name = Release;
		};
		18C99FD62D37182F00459825 /* Debug */ = {
			isa = XCBuildConfiguration;
			buildSettings = {
				ALWAYS_SEARCH_USER_PATHS = NO;
				ASSETCATALOG_COMPILER_GENERATE_SWIFT_ASSET_SYMBOL_EXTENSIONS = YES;
				CLANG_ANALYZER_NONNULL = YES;
				CLANG_ANALYZER_NUMBER_OBJECT_CONVERSION = YES_AGGRESSIVE;
				CLANG_CXX_LANGUAGE_STANDARD = "gnu++20";
				CLANG_ENABLE_MODULES = YES;
				CLANG_ENABLE_OBJC_ARC = YES;
				CLANG_ENABLE_OBJC_WEAK = YES;
				CLANG_WARN_BLOCK_CAPTURE_AUTORELEASING = YES;
				CLANG_WARN_BOOL_CONVERSION = YES;
				CLANG_WARN_COMMA = YES;
				CLANG_WARN_CONSTANT_CONVERSION = YES;
				CLANG_WARN_DEPRECATED_OBJC_IMPLEMENTATIONS = YES;
				CLANG_WARN_DIRECT_OBJC_ISA_USAGE = YES_ERROR;
				CLANG_WARN_DOCUMENTATION_COMMENTS = YES;
				CLANG_WARN_EMPTY_BODY = YES;
				CLANG_WARN_ENUM_CONVERSION = YES;
				CLANG_WARN_INFINITE_RECURSION = YES;
				CLANG_WARN_INT_CONVERSION = YES;
				CLANG_WARN_NON_LITERAL_NULL_CONVERSION = YES;
				CLANG_WARN_OBJC_IMPLICIT_RETAIN_SELF = YES;
				CLANG_WARN_OBJC_LITERAL_CONVERSION = YES;
				CLANG_WARN_OBJC_ROOT_CLASS = YES_ERROR;
				CLANG_WARN_QUOTED_INCLUDE_IN_FRAMEWORK_HEADER = YES;
				CLANG_WARN_RANGE_LOOP_ANALYSIS = YES;
				CLANG_WARN_STRICT_PROTOTYPES = YES;
				CLANG_WARN_SUSPICIOUS_MOVE = YES;
				CLANG_WARN_UNGUARDED_AVAILABILITY = YES_AGGRESSIVE;
				CLANG_WARN_UNREACHABLE_CODE = YES;
				CLANG_WARN__DUPLICATE_METHOD_MATCH = YES;
				COPY_PHASE_STRIP = NO;
				DEBUG_INFORMATION_FORMAT = dwarf;
				ENABLE_STRICT_OBJC_MSGSEND = YES;
				ENABLE_TESTABILITY = YES;
				ENABLE_USER_SCRIPT_SANDBOXING = YES;
				GCC_C_LANGUAGE_STANDARD = gnu17;
				GCC_DYNAMIC_NO_PIC = NO;
				GCC_NO_COMMON_BLOCKS = YES;
				GCC_OPTIMIZATION_LEVEL = 0;
				GCC_PREPROCESSOR_DEFINITIONS = (
					"DEBUG=1",
					"$(inherited)",
				);
				GCC_WARN_64_TO_32_BIT_CONVERSION = YES;
				GCC_WARN_ABOUT_RETURN_TYPE = YES_ERROR;
				GCC_WARN_UNDECLARED_SELECTOR = YES;
				GCC_WARN_UNINITIALIZED_AUTOS = YES_AGGRESSIVE;
				GCC_WARN_UNUSED_FUNCTION = YES;
				GCC_WARN_UNUSED_VARIABLE = YES;
				IPHONEOS_DEPLOYMENT_TARGET = 18.2;
				LOCALIZATION_PREFERS_STRING_CATALOGS = YES;
				MTL_ENABLE_DEBUG_INFO = INCLUDE_SOURCE;
				MTL_FAST_MATH = YES;
				ONLY_ACTIVE_ARCH = YES;
				SDKROOT = iphoneos;
				SWIFT_ACTIVE_COMPILATION_CONDITIONS = "DEBUG $(inherited)";
				SWIFT_OPTIMIZATION_LEVEL = "-Onone";
			};
			name = Debug;
		};
		18C99FD72D37182F00459825 /* Release */ = {
			isa = XCBuildConfiguration;
			buildSettings = {
				ALWAYS_SEARCH_USER_PATHS = NO;
				ASSETCATALOG_COMPILER_GENERATE_SWIFT_ASSET_SYMBOL_EXTENSIONS = YES;
				CLANG_ANALYZER_NONNULL = YES;
				CLANG_ANALYZER_NUMBER_OBJECT_CONVERSION = YES_AGGRESSIVE;
				CLANG_CXX_LANGUAGE_STANDARD = "gnu++20";
				CLANG_ENABLE_MODULES = YES;
				CLANG_ENABLE_OBJC_ARC = YES;
				CLANG_ENABLE_OBJC_WEAK = YES;
				CLANG_WARN_BLOCK_CAPTURE_AUTORELEASING = YES;
				CLANG_WARN_BOOL_CONVERSION = YES;
				CLANG_WARN_COMMA = YES;
				CLANG_WARN_CONSTANT_CONVERSION = YES;
				CLANG_WARN_DEPRECATED_OBJC_IMPLEMENTATIONS = YES;
				CLANG_WARN_DIRECT_OBJC_ISA_USAGE = YES_ERROR;
				CLANG_WARN_DOCUMENTATION_COMMENTS = YES;
				CLANG_WARN_EMPTY_BODY = YES;
				CLANG_WARN_ENUM_CONVERSION = YES;
				CLANG_WARN_INFINITE_RECURSION = YES;
				CLANG_WARN_INT_CONVERSION = YES;
				CLANG_WARN_NON_LITERAL_NULL_CONVERSION = YES;
				CLANG_WARN_OBJC_IMPLICIT_RETAIN_SELF = YES;
				CLANG_WARN_OBJC_LITERAL_CONVERSION = YES;
				CLANG_WARN_OBJC_ROOT_CLASS = YES_ERROR;
				CLANG_WARN_QUOTED_INCLUDE_IN_FRAMEWORK_HEADER = YES;
				CLANG_WARN_RANGE_LOOP_ANALYSIS = YES;
				CLANG_WARN_STRICT_PROTOTYPES = YES;
				CLANG_WARN_SUSPICIOUS_MOVE = YES;
				CLANG_WARN_UNGUARDED_AVAILABILITY = YES_AGGRESSIVE;
				CLANG_WARN_UNREACHABLE_CODE = YES;
				CLANG_WARN__DUPLICATE_METHOD_MATCH = YES;
				COPY_PHASE_STRIP = NO;
				DEBUG_INFORMATION_FORMAT = "dwarf-with-dsym";
				ENABLE_NS_ASSERTIONS = NO;
				ENABLE_STRICT_OBJC_MSGSEND = YES;
				ENABLE_USER_SCRIPT_SANDBOXING = YES;
				GCC_C_LANGUAGE_STANDARD = gnu17;
				GCC_NO_COMMON_BLOCKS = YES;
				GCC_WARN_64_TO_32_BIT_CONVERSION = YES;
				GCC_WARN_ABOUT_RETURN_TYPE = YES_ERROR;
				GCC_WARN_UNDECLARED_SELECTOR = YES;
				GCC_WARN_UNINITIALIZED_AUTOS = YES_AGGRESSIVE;
				GCC_WARN_UNUSED_FUNCTION = YES;
				GCC_WARN_UNUSED_VARIABLE = YES;
				IPHONEOS_DEPLOYMENT_TARGET = 18.2;
				LOCALIZATION_PREFERS_STRING_CATALOGS = YES;
				MTL_ENABLE_DEBUG_INFO = NO;
				MTL_FAST_MATH = YES;
				SDKROOT = iphoneos;
				SWIFT_COMPILATION_MODE = wholemodule;
				VALIDATE_PRODUCT = YES;
			};
			name = Release;
		};
		18C99FD92D37182F00459825 /* Debug */ = {
			isa = XCBuildConfiguration;
			buildSettings = {
				BUNDLE_LOADER = "$(TEST_HOST)";
				CODE_SIGN_STYLE = Automatic;
				CURRENT_PROJECT_VERSION = 1;
				DEVELOPMENT_TEAM = 5GF67AW776;
				GENERATE_INFOPLIST_FILE = YES;
				IPHONEOS_DEPLOYMENT_TARGET = 18.2;
				MARKETING_VERSION = 1.0;
				PRODUCT_BUNDLE_IDENTIFIER = "info.Auto-Layout-Four-Color-ApplicationTests";
				PRODUCT_NAME = "$(TARGET_NAME)";
				SWIFT_EMIT_LOC_STRINGS = NO;
				SWIFT_VERSION = 5.0;
				TARGETED_DEVICE_FAMILY = "1,2";
				TEST_HOST = "$(BUILT_PRODUCTS_DIR)/Auto Layout Four Color Application.app/$(BUNDLE_EXECUTABLE_FOLDER_PATH)/Auto Layout Four Color Application";
			};
			name = Debug;
		};
		18C99FDA2D37182F00459825 /* Release */ = {
			isa = XCBuildConfiguration;
			buildSettings = {
				BUNDLE_LOADER = "$(TEST_HOST)";
				CODE_SIGN_STYLE = Automatic;
				CURRENT_PROJECT_VERSION = 1;
				DEVELOPMENT_TEAM = 5GF67AW776;
				GENERATE_INFOPLIST_FILE = YES;
				IPHONEOS_DEPLOYMENT_TARGET = 18.2;
				MARKETING_VERSION = 1.0;
				PRODUCT_BUNDLE_IDENTIFIER = "info.Auto-Layout-Four-Color-ApplicationTests";
				PRODUCT_NAME = "$(TARGET_NAME)";
				SWIFT_EMIT_LOC_STRINGS = NO;
				SWIFT_VERSION = 5.0;
				TARGETED_DEVICE_FAMILY = "1,2";
				TEST_HOST = "$(BUILT_PRODUCTS_DIR)/Auto Layout Four Color Application.app/$(BUNDLE_EXECUTABLE_FOLDER_PATH)/Auto Layout Four Color Application";
			};
			name = Release;
		};
		18C99FDC2D37182F00459825 /* Debug */ = {
			isa = XCBuildConfiguration;
			buildSettings = {
				CODE_SIGN_STYLE = Automatic;
				CURRENT_PROJECT_VERSION = 1;
				DEVELOPMENT_TEAM = 5GF67AW776;
				GENERATE_INFOPLIST_FILE = YES;
				MARKETING_VERSION = 1.0;
				PRODUCT_BUNDLE_IDENTIFIER = "info.Auto-Layout-Four-Color-ApplicationUITests";
				PRODUCT_NAME = "$(TARGET_NAME)";
				SWIFT_EMIT_LOC_STRINGS = NO;
				SWIFT_VERSION = 5.0;
				TARGETED_DEVICE_FAMILY = "1,2";
				TEST_TARGET_NAME = "Auto Layout Four Color Application";
			};
			name = Debug;
		};
		18C99FDD2D37182F00459825 /* Release */ = {
			isa = XCBuildConfiguration;
			buildSettings = {
				CODE_SIGN_STYLE = Automatic;
				CURRENT_PROJECT_VERSION = 1;
				DEVELOPMENT_TEAM = 5GF67AW776;
				GENERATE_INFOPLIST_FILE = YES;
				MARKETING_VERSION = 1.0;
				PRODUCT_BUNDLE_IDENTIFIER = "info.Auto-Layout-Four-Color-ApplicationUITests";
				PRODUCT_NAME = "$(TARGET_NAME)";
				SWIFT_EMIT_LOC_STRINGS = NO;
				SWIFT_VERSION = 5.0;
				TARGETED_DEVICE_FAMILY = "1,2";
				TEST_TARGET_NAME = "Auto Layout Four Color Application";
			};
			name = Release;
		};
/* End XCBuildConfiguration section */

/* Begin XCConfigurationList section */
		18C99FA52D37182E00459825 /* Build configuration list for PBXProject "Auto Layout Four Color Application" */ = {
			isa = XCConfigurationList;
			buildConfigurations = (
				18C99FD62D37182F00459825 /* Debug */,
				18C99FD72D37182F00459825 /* Release */,
			);
			defaultConfigurationIsVisible = 0;
			defaultConfigurationName = Release;
		};
		18C99FD32D37182F00459825 /* Build configuration list for PBXNativeTarget "Auto Layout Four Color Application" */ = {
			isa = XCConfigurationList;
			buildConfigurations = (
				18C99FD42D37182F00459825 /* Debug */,
				18C99FD52D37182F00459825 /* Release */,
			);
			defaultConfigurationIsVisible = 0;
			defaultConfigurationName = Release;
		};
		18C99FD82D37182F00459825 /* Build configuration list for PBXNativeTarget "Auto Layout Four Color ApplicationTests" */ = {
			isa = XCConfigurationList;
			buildConfigurations = (
				18C99FD92D37182F00459825 /* Debug */,
				18C99FDA2D37182F00459825 /* Release */,
			);
			defaultConfigurationIsVisible = 0;
			defaultConfigurationName = Release;
		};
		18C99FDB2D37182F00459825 /* Build configuration list for PBXNativeTarget "Auto Layout Four Color ApplicationUITests" */ = {
			isa = XCConfigurationList;
			buildConfigurations = (
				18C99FDC2D37182F00459825 /* Debug */,
				18C99FDD2D37182F00459825 /* Release */,
			);
			defaultConfigurationIsVisible = 0;
			defaultConfigurationName = Release;
		};
/* End XCConfigurationList section */
	};
	rootObject = 18C99FA22D37182E00459825 /* Project object */;
}
