// !$*UTF8*$!
{
	archiveVersion = 1;
	classes = {
	};
	objectVersion = 77;
	objects = {

/* Begin PBXContainerItemProxy section */
		18C9A2DD2D384AF100459825 /* PBXContainerItemProxy */ = {
			isa = PBXContainerItemProxy;
			containerPortal = 18C9A2BE2D384AF000459825 /* Project object */;
			proxyType = 1;
			remoteGlobalIDString = 18C9A2C52D384AF000459825;
			remoteInfo = "Application Log In";
		};
		18C9A2E72D384AF100459825 /* PBXContainerItemProxy */ = {
			isa = PBXContainerItemProxy;
			containerPortal = 18C9A2BE2D384AF000459825 /* Project object */;
			proxyType = 1;
			remoteGlobalIDString = 18C9A2C52D384AF000459825;
			remoteInfo = "Application Log In";
		};
/* End PBXContainerItemProxy section */

/* Begin PBXFileReference section */
		18C9A2C62D384AF000459825 /* Application Log In.app */ = {isa = PBXFileReference; explicitFileType = wrapper.application; includeInIndex = 0; path = "Application Log In.app"; sourceTree = BUILT_PRODUCTS_DIR; };
		18C9A2DC2D384AF100459825 /* Application Log InTests.xctest */ = {isa = PBXFileReference; explicitFileType = wrapper.cfbundle; includeInIndex = 0; path = "Application Log InTests.xctest"; sourceTree = BUILT_PRODUCTS_DIR; };
		18C9A2E62D384AF100459825 /* Application Log InUITests.xctest */ = {isa = PBXFileReference; explicitFileType = wrapper.cfbundle; includeInIndex = 0; path = "Application Log InUITests.xctest"; sourceTree = BUILT_PRODUCTS_DIR; };
/* End PBXFileReference section */

/* Begin PBXFileSystemSynchronizedBuildFileExceptionSet section */
		18C9A2EE2D384AF100459825 /* Exceptions for "Application Log In" folder in "Application Log In" target */ = {
			isa = PBXFileSystemSynchronizedBuildFileExceptionSet;
			membershipExceptions = (
				Info.plist,
			);
			target = 18C9A2C52D384AF000459825 /* Application Log In */;
		};
/* End PBXFileSystemSynchronizedBuildFileExceptionSet section */

/* Begin PBXFileSystemSynchronizedRootGroup section */
		18C9A2C82D384AF000459825 /* Application Log In */ = {
			isa = PBXFileSystemSynchronizedRootGroup;
			exceptions = (
				18C9A2EE2D384AF100459825 /* Exceptions for "Application Log In" folder in "Application Log In" target */,
			);
			path = "Application Log In";
			sourceTree = "<group>";
		};
		18C9A2DF2D384AF100459825 /* Application Log InTests */ = {
			isa = PBXFileSystemSynchronizedRootGroup;
			path = "Application Log InTests";
			sourceTree = "<group>";
		};
		18C9A2E92D384AF100459825 /* Application Log InUITests */ = {
			isa = PBXFileSystemSynchronizedRootGroup;
			path = "Application Log InUITests";
			sourceTree = "<group>";
		};
/* End PBXFileSystemSynchronizedRootGroup section */

/* Begin PBXFrameworksBuildPhase section */
		18C9A2C32D384AF000459825 /* Frameworks */ = {
			isa = PBXFrameworksBuildPhase;
			buildActionMask = 2147483647;
			files = (
			);
			runOnlyForDeploymentPostprocessing = 0;
		};
		18C9A2D92D384AF100459825 /* Frameworks */ = {
			isa = PBXFrameworksBuildPhase;
			buildActionMask = 2147483647;
			files = (
			);
			runOnlyForDeploymentPostprocessing = 0;
		};
		18C9A2E32D384AF100459825 /* Frameworks */ = {
			isa = PBXFrameworksBuildPhase;
			buildActionMask = 2147483647;
			files = (
			);
			runOnlyForDeploymentPostprocessing = 0;
		};
/* End PBXFrameworksBuildPhase section */

/* Begin PBXGroup section */
		18C9A2BD2D384AF000459825 = {
			isa = PBXGroup;
			children = (
				18C9A2C82D384AF000459825 /* Application Log In */,
				18C9A2DF2D384AF100459825 /* Application Log InTests */,
				18C9A2E92D384AF100459825 /* Application Log InUITests */,
				18C9A2C72D384AF000459825 /* Products */,
			);
			sourceTree = "<group>";
		};
		18C9A2C72D384AF000459825 /* Products */ = {
			isa = PBXGroup;
			children = (
				18C9A2C62D384AF000459825 /* Application Log In.app */,
				18C9A2DC2D384AF100459825 /* Application Log InTests.xctest */,
				18C9A2E62D384AF100459825 /* Application Log InUITests.xctest */,
			);
			name = Products;
			sourceTree = "<group>";
		};
/* End PBXGroup section */

/* Begin PBXNativeTarget section */
		18C9A2C52D384AF000459825 /* Application Log In */ = {
			isa = PBXNativeTarget;
			buildConfigurationList = 18C9A2EF2D384AF100459825 /* Build configuration list for PBXNativeTarget "Application Log In" */;
			buildPhases = (
				18C9A2C22D384AF000459825 /* Sources */,
				18C9A2C32D384AF000459825 /* Frameworks */,
				18C9A2C42D384AF000459825 /* Resources */,
			);
			buildRules = (
			);
			dependencies = (
			);
			fileSystemSynchronizedGroups = (
				18C9A2C82D384AF000459825 /* Application Log In */,
			);
			name = "Application Log In";
			packageProductDependencies = (
			);
			productName = "Application Log In";
			productReference = 18C9A2C62D384AF000459825 /* Application Log In.app */;
			productType = "com.apple.product-type.application";
		};
		18C9A2DB2D384AF100459825 /* Application Log InTests */ = {
			isa = PBXNativeTarget;
			buildConfigurationList = 18C9A2F42D384AF100459825 /* Build configuration list for PBXNativeTarget "Application Log InTests" */;
			buildPhases = (
				18C9A2D82D384AF100459825 /* Sources */,
				18C9A2D92D384AF100459825 /* Frameworks */,
				18C9A2DA2D384AF100459825 /* Resources */,
			);
			buildRules = (
			);
			dependencies = (
				18C9A2DE2D384AF100459825 /* PBXTargetDependency */,
			);
			fileSystemSynchronizedGroups = (
				18C9A2DF2D384AF100459825 /* Application Log InTests */,
			);
			name = "Application Log InTests";
			packageProductDependencies = (
			);
			productName = "Application Log InTests";
			productReference = 18C9A2DC2D384AF100459825 /* Application Log InTests.xctest */;
			productType = "com.apple.product-type.bundle.unit-test";
		};
		18C9A2E52D384AF100459825 /* Application Log InUITests */ = {
			isa = PBXNativeTarget;
			buildConfigurationList = 18C9A2F72D384AF100459825 /* Build configuration list for PBXNativeTarget "Application Log InUITests" */;
			buildPhases = (
				18C9A2E22D384AF100459825 /* Sources */,
				18C9A2E32D384AF100459825 /* Frameworks */,
				18C9A2E42D384AF100459825 /* Resources */,
			);
			buildRules = (
			);
			dependencies = (
				18C9A2E82D384AF100459825 /* PBXTargetDependency */,
			);
			fileSystemSynchronizedGroups = (
				18C9A2E92D384AF100459825 /* Application Log InUITests */,
			);
			name = "Application Log InUITests";
			packageProductDependencies = (
			);
			productName = "Application Log InUITests";
			productReference = 18C9A2E62D384AF100459825 /* Application Log InUITests.xctest */;
			productType = "com.apple.product-type.bundle.ui-testing";
		};
/* End PBXNativeTarget section */

/* Begin PBXProject section */
		18C9A2BE2D384AF000459825 /* Project object */ = {
			isa = PBXProject;
			attributes = {
				BuildIndependentTargetsInParallel = 1;
				LastSwiftUpdateCheck = 1620;
				LastUpgradeCheck = 1620;
				TargetAttributes = {
					18C9A2C52D384AF000459825 = {
						CreatedOnToolsVersion = 16.2;
					};
					18C9A2DB2D384AF100459825 = {
						CreatedOnToolsVersion = 16.2;
						TestTargetID = 18C9A2C52D384AF000459825;
					};
					18C9A2E52D384AF100459825 = {
						CreatedOnToolsVersion = 16.2;
						TestTargetID = 18C9A2C52D384AF000459825;
					};
				};
			};
			buildConfigurationList = 18C9A2C12D384AF000459825 /* Build configuration list for PBXProject "Application Log In" */;
			developmentRegion = en;
			hasScannedForEncodings = 0;
			knownRegions = (
				en,
				Base,
			);
			mainGroup = 18C9A2BD2D384AF000459825;
			minimizedProjectReferenceProxies = 1;
			preferredProjectObjectVersion = 77;
			productRefGroup = 18C9A2C72D384AF000459825 /* Products */;
			projectDirPath = "";
			projectRoot = "";
			targets = (
				18C9A2C52D384AF000459825 /* Application Log In */,
				18C9A2DB2D384AF100459825 /* Application Log InTests */,
				18C9A2E52D384AF100459825 /* Application Log InUITests */,
			);
		};
/* End PBXProject section */

/* Begin PBXResourcesBuildPhase section */
		18C9A2C42D384AF000459825 /* Resources */ = {
			isa = PBXResourcesBuildPhase;
			buildActionMask = 2147483647;
			files = (
			);
			runOnlyForDeploymentPostprocessing = 0;
		};
		18C9A2DA2D384AF100459825 /* Resources */ = {
			isa = PBXResourcesBuildPhase;
			buildActionMask = 2147483647;
			files = (
			);
			runOnlyForDeploymentPostprocessing = 0;
		};
		18C9A2E42D384AF100459825 /* Resources */ = {
			isa = PBXResourcesBuildPhase;
			buildActionMask = 2147483647;
			files = (
			);
			runOnlyForDeploymentPostprocessing = 0;
		};
/* End PBXResourcesBuildPhase section */

/* Begin PBXSourcesBuildPhase section */
		18C9A2C22D384AF000459825 /* Sources */ = {
			isa = PBXSourcesBuildPhase;
			buildActionMask = 2147483647;
			files = (
			);
			runOnlyForDeploymentPostprocessing = 0;
		};
		18C9A2D82D384AF100459825 /* Sources */ = {
			isa = PBXSourcesBuildPhase;
			buildActionMask = 2147483647;
			files = (
			);
			runOnlyForDeploymentPostprocessing = 0;
		};
		18C9A2E22D384AF100459825 /* Sources */ = {
			isa = PBXSourcesBuildPhase;
			buildActionMask = 2147483647;
			files = (
			);
			runOnlyForDeploymentPostprocessing = 0;
		};
/* End PBXSourcesBuildPhase section */

/* Begin PBXTargetDependency section */
		18C9A2DE2D384AF100459825 /* PBXTargetDependency */ = {
			isa = PBXTargetDependency;
			target = 18C9A2C52D384AF000459825 /* Application Log In */;
			targetProxy = 18C9A2DD2D384AF100459825 /* PBXContainerItemProxy */;
		};
		18C9A2E82D384AF100459825 /* PBXTargetDependency */ = {
			isa = PBXTargetDependency;
			target = 18C9A2C52D384AF000459825 /* Application Log In */;
			targetProxy = 18C9A2E72D384AF100459825 /* PBXContainerItemProxy */;
		};
/* End PBXTargetDependency section */

/* Begin XCBuildConfiguration section */
		18C9A2F02D384AF100459825 /* Debug */ = {
			isa = XCBuildConfiguration;
			buildSettings = {
				ASSETCATALOG_COMPILER_APPICON_NAME = AppIcon;
				ASSETCATALOG_COMPILER_GLOBAL_ACCENT_COLOR_NAME = AccentColor;
				CODE_SIGN_STYLE = Automatic;
				CURRENT_PROJECT_VERSION = 1;
				DEVELOPMENT_TEAM = 5GF67AW776;
				GENERATE_INFOPLIST_FILE = YES;
				INFOPLIST_FILE = "Application Log In/Info.plist";
				INFOPLIST_KEY_UIApplicationSupportsIndirectInputEvents = YES;
				INFOPLIST_KEY_UILaunchStoryboardName = LaunchScreen;
				INFOPLIST_KEY_UIMainStoryboardFile = Main;
				INFOPLIST_KEY_UISupportedInterfaceOrientations_iPad = "UIInterfaceOrientationPortrait UIInterfaceOrientationPortraitUpsideDown UIInterfaceOrientationLandscapeLeft UIInterfaceOrientationLandscapeRight";
				INFOPLIST_KEY_UISupportedInterfaceOrientations_iPhone = "UIInterfaceOrientationPortrait UIInterfaceOrientationLandscapeLeft UIInterfaceOrientationLandscapeRight";
				LD_RUNPATH_SEARCH_PATHS = (
					"$(inherited)",
					"@executable_path/Frameworks",
				);
				MARKETING_VERSION = 1.0;
				PRODUCT_BUNDLE_IDENTIFIER = "info.Application-Log-In";
				PRODUCT_NAME = "$(TARGET_NAME)";
				SWIFT_EMIT_LOC_STRINGS = YES;
				SWIFT_VERSION = 5.0;
				TARGETED_DEVICE_FAMILY = "1,2";
			};
			name = Debug;
		};
		18C9A2F12D384AF100459825 /* Release */ = {
			isa = XCBuildConfiguration;
			buildSettings = {
				ASSETCATALOG_COMPILER_APPICON_NAME = AppIcon;
				ASSETCATALOG_COMPILER_GLOBAL_ACCENT_COLOR_NAME = AccentColor;
				CODE_SIGN_STYLE = Automatic;
				CURRENT_PROJECT_VERSION = 1;
				DEVELOPMENT_TEAM = 5GF67AW776;
				GENERATE_INFOPLIST_FILE = YES;
				INFOPLIST_FILE = "Application Log In/Info.plist";
				INFOPLIST_KEY_UIApplicationSupportsIndirectInputEvents = YES;
				INFOPLIST_KEY_UILaunchStoryboardName = LaunchScreen;
				INFOPLIST_KEY_UIMainStoryboardFile = Main;
				INFOPLIST_KEY_UISupportedInterfaceOrientations_iPad = "UIInterfaceOrientationPortrait UIInterfaceOrientationPortraitUpsideDown UIInterfaceOrientationLandscapeLeft UIInterfaceOrientationLandscapeRight";
				INFOPLIST_KEY_UISupportedInterfaceOrientations_iPhone = "UIInterfaceOrientationPortrait UIInterfaceOrientationLandscapeLeft UIInterfaceOrientationLandscapeRight";
				LD_RUNPATH_SEARCH_PATHS = (
					"$(inherited)",
					"@executable_path/Frameworks",
				);
				MARKETING_VERSION = 1.0;
				PRODUCT_BUNDLE_IDENTIFIER = "info.Application-Log-In";
				PRODUCT_NAME = "$(TARGET_NAME)";
				SWIFT_EMIT_LOC_STRINGS = YES;
				SWIFT_VERSION = 5.0;
				TARGETED_DEVICE_FAMILY = "1,2";
			};
			name = Release;
		};
		18C9A2F22D384AF100459825 /* Debug */ = {
			isa = XCBuildConfiguration;
			buildSettings = {
				ALWAYS_SEARCH_USER_PATHS = NO;
				ASSETCATALOG_COMPILER_GENERATE_SWIFT_ASSET_SYMBOL_EXTENSIONS = YES;
				CLANG_ANALYZER_NONNULL = YES;
				CLANG_ANALYZER_NUMBER_OBJECT_CONVERSION = YES_AGGRESSIVE;
				CLANG_CXX_LANGUAGE_STANDARD = "gnu++20";
				CLANG_ENABLE_MODULES = YES;
				CLANG_ENABLE_OBJC_ARC = YES;
				CLANG_ENABLE_OBJC_WEAK = YES;
				CLANG_WARN_BLOCK_CAPTURE_AUTORELEASING = YES;
				CLANG_WARN_BOOL_CONVERSION = YES;
				CLANG_WARN_COMMA = YES;
				CLANG_WARN_CONSTANT_CONVERSION = YES;
				CLANG_WARN_DEPRECATED_OBJC_IMPLEMENTATIONS = YES;
				CLANG_WARN_DIRECT_OBJC_ISA_USAGE = YES_ERROR;
				CLANG_WARN_DOCUMENTATION_COMMENTS = YES;
				CLANG_WARN_EMPTY_BODY = YES;
				CLANG_WARN_ENUM_CONVERSION = YES;
				CLANG_WARN_INFINITE_RECURSION = YES;
				CLANG_WARN_INT_CONVERSION = YES;
				CLANG_WARN_NON_LITERAL_NULL_CONVERSION = YES;
				CLANG_WARN_OBJC_IMPLICIT_RETAIN_SELF = YES;
				CLANG_WARN_OBJC_LITERAL_CONVERSION = YES;
				CLANG_WARN_OBJC_ROOT_CLASS = YES_ERROR;
				CLANG_WARN_QUOTED_INCLUDE_IN_FRAMEWORK_HEADER = YES;
				CLANG_WARN_RANGE_LOOP_ANALYSIS = YES;
				CLANG_WARN_STRICT_PROTOTYPES = YES;
				CLANG_WARN_SUSPICIOUS_MOVE = YES;
				CLANG_WARN_UNGUARDED_AVAILABILITY = YES_AGGRESSIVE;
				CLANG_WARN_UNREACHABLE_CODE = YES;
				CLANG_WARN__DUPLICATE_METHOD_MATCH = YES;
				COPY_PHASE_STRIP = NO;
				DEBUG_INFORMATION_FORMAT = dwarf;
				ENABLE_STRICT_OBJC_MSGSEND = YES;
				ENABLE_TESTABILITY = YES;
				ENABLE_USER_SCRIPT_SANDBOXING = YES;
				GCC_C_LANGUAGE_STANDARD = gnu17;
				GCC_DYNAMIC_NO_PIC = NO;
				GCC_NO_COMMON_BLOCKS = YES;
				GCC_OPTIMIZATION_LEVEL = 0;
				GCC_PREPROCESSOR_DEFINITIONS = (
					"DEBUG=1",
					"$(inherited)",
				);
				GCC_WARN_64_TO_32_BIT_CONVERSION = YES;
				GCC_WARN_ABOUT_RETURN_TYPE = YES_ERROR;
				GCC_WARN_UNDECLARED_SELECTOR = YES;
				GCC_WARN_UNINITIALIZED_AUTOS = YES_AGGRESSIVE;
				GCC_WARN_UNUSED_FUNCTION = YES;
				GCC_WARN_UNUSED_VARIABLE = YES;
				IPHONEOS_DEPLOYMENT_TARGET = 18.2;
				LOCALIZATION_PREFERS_STRING_CATALOGS = YES;
				MTL_ENABLE_DEBUG_INFO = INCLUDE_SOURCE;
				MTL_FAST_MATH = YES;
				ONLY_ACTIVE_ARCH = YES;
				SDKROOT = iphoneos;
				SWIFT_ACTIVE_COMPILATION_CONDITIONS = "DEBUG $(inherited)";
				SWIFT_OPTIMIZATION_LEVEL = "-Onone";
			};
			name = Debug;
		};
		18C9A2F32D384AF100459825 /* Release */ = {
			isa = XCBuildConfiguration;
			buildSettings = {
				ALWAYS_SEARCH_USER_PATHS = NO;
				ASSETCATALOG_COMPILER_GENERATE_SWIFT_ASSET_SYMBOL_EXTENSIONS = YES;
				CLANG_ANALYZER_NONNULL = YES;
				CLANG_ANALYZER_NUMBER_OBJECT_CONVERSION = YES_AGGRESSIVE;
				CLANG_CXX_LANGUAGE_STANDARD = "gnu++20";
				CLANG_ENABLE_MODULES = YES;
				CLANG_ENABLE_OBJC_ARC = YES;
				CLANG_ENABLE_OBJC_WEAK = YES;
				CLANG_WARN_BLOCK_CAPTURE_AUTORELEASING = YES;
				CLANG_WARN_BOOL_CONVERSION = YES;
				CLANG_WARN_COMMA = YES;
				CLANG_WARN_CONSTANT_CONVERSION = YES;
				CLANG_WARN_DEPRECATED_OBJC_IMPLEMENTATIONS = YES;
				CLANG_WARN_DIRECT_OBJC_ISA_USAGE = YES_ERROR;
				CLANG_WARN_DOCUMENTATION_COMMENTS = YES;
				CLANG_WARN_EMPTY_BODY = YES;
				CLANG_WARN_ENUM_CONVERSION = YES;
				CLANG_WARN_INFINITE_RECURSION = YES;
				CLANG_WARN_INT_CONVERSION = YES;
				CLANG_WARN_NON_LITERAL_NULL_CONVERSION = YES;
				CLANG_WARN_OBJC_IMPLICIT_RETAIN_SELF = YES;
				CLANG_WARN_OBJC_LITERAL_CONVERSION = YES;
				CLANG_WARN_OBJC_ROOT_CLASS = YES_ERROR;
				CLANG_WARN_QUOTED_INCLUDE_IN_FRAMEWORK_HEADER = YES;
				CLANG_WARN_RANGE_LOOP_ANALYSIS = YES;
				CLANG_WARN_STRICT_PROTOTYPES = YES;
				CLANG_WARN_SUSPICIOUS_MOVE = YES;
				CLANG_WARN_UNGUARDED_AVAILABILITY = YES_AGGRESSIVE;
				CLANG_WARN_UNREACHABLE_CODE = YES;
				CLANG_WARN__DUPLICATE_METHOD_MATCH = YES;
				COPY_PHASE_STRIP = NO;
				DEBUG_INFORMATION_FORMAT = "dwarf-with-dsym";
				ENABLE_NS_ASSERTIONS = NO;
				ENABLE_STRICT_OBJC_MSGSEND = YES;
				ENABLE_USER_SCRIPT_SANDBOXING = YES;
				GCC_C_LANGUAGE_STANDARD = gnu17;
				GCC_NO_COMMON_BLOCKS = YES;
				GCC_WARN_64_TO_32_BIT_CONVERSION = YES;
				GCC_WARN_ABOUT_RETURN_TYPE = YES_ERROR;
				GCC_WARN_UNDECLARED_SELECTOR = YES;
				GCC_WARN_UNINITIALIZED_AUTOS = YES_AGGRESSIVE;
				GCC_WARN_UNUSED_FUNCTION = YES;
				GCC_WARN_UNUSED_VARIABLE = YES;
				IPHONEOS_DEPLOYMENT_TARGET = 18.2;
				LOCALIZATION_PREFERS_STRING_CATALOGS = YES;
				MTL_ENABLE_DEBUG_INFO = NO;
				MTL_FAST_MATH = YES;
				SDKROOT = iphoneos;
				SWIFT_COMPILATION_MODE = wholemodule;
				VALIDATE_PRODUCT = YES;
			};
			name = Release;
		};
		18C9A2F52D384AF100459825 /* Debug */ = {
			isa = XCBuildConfiguration;
			buildSettings = {
				BUNDLE_LOADER = "$(TEST_HOST)";
				CODE_SIGN_STYLE = Automatic;
				CURRENT_PROJECT_VERSION = 1;
				DEVELOPMENT_TEAM = 5GF67AW776;
				GENERATE_INFOPLIST_FILE = YES;
				IPHONEOS_DEPLOYMENT_TARGET = 18.2;
				MARKETING_VERSION = 1.0;
				PRODUCT_BUNDLE_IDENTIFIER = "info.Application-Log-InTests";
				PRODUCT_NAME = "$(TARGET_NAME)";
				SWIFT_EMIT_LOC_STRINGS = NO;
				SWIFT_VERSION = 5.0;
				TARGETED_DEVICE_FAMILY = "1,2";
				TEST_HOST = "$(BUILT_PRODUCTS_DIR)/Application Log In.app/$(BUNDLE_EXECUTABLE_FOLDER_PATH)/Application Log In";
			};
			name = Debug;
		};
		18C9A2F62D384AF100459825 /* Release */ = {
			isa = XCBuildConfiguration;
			buildSettings = {
				BUNDLE_LOADER = "$(TEST_HOST)";
				CODE_SIGN_STYLE = Automatic;
				CURRENT_PROJECT_VERSION = 1;
				DEVELOPMENT_TEAM = 5GF67AW776;
				GENERATE_INFOPLIST_FILE = YES;
				IPHONEOS_DEPLOYMENT_TARGET = 18.2;
				MARKETING_VERSION = 1.0;
				PRODUCT_BUNDLE_IDENTIFIER = "info.Application-Log-InTests";
				PRODUCT_NAME = "$(TARGET_NAME)";
				SWIFT_EMIT_LOC_STRINGS = NO;
				SWIFT_VERSION = 5.0;
				TARGETED_DEVICE_FAMILY = "1,2";
				TEST_HOST = "$(BUILT_PRODUCTS_DIR)/Application Log In.app/$(BUNDLE_EXECUTABLE_FOLDER_PATH)/Application Log In";
			};
			name = Release;
		};
		18C9A2F82D384AF100459825 /* Debug */ = {
			isa = XCBuildConfiguration;
			buildSettings = {
				CODE_SIGN_STYLE = Automatic;
				CURRENT_PROJECT_VERSION = 1;
				DEVELOPMENT_TEAM = 5GF67AW776;
				GENERATE_INFOPLIST_FILE = YES;
				MARKETING_VERSION = 1.0;
				PRODUCT_BUNDLE_IDENTIFIER = "info.Application-Log-InUITests";
				PRODUCT_NAME = "$(TARGET_NAME)";
				SWIFT_EMIT_LOC_STRINGS = NO;
				SWIFT_VERSION = 5.0;
				TARGETED_DEVICE_FAMILY = "1,2";
				TEST_TARGET_NAME = "Application Log In";
			};
			name = Debug;
		};
		18C9A2F92D384AF100459825 /* Release */ = {
			isa = XCBuildConfiguration;
			buildSettings = {
				CODE_SIGN_STYLE = Automatic;
				CURRENT_PROJECT_VERSION = 1;
				DEVELOPMENT_TEAM = 5GF67AW776;
				GENERATE_INFOPLIST_FILE = YES;
				MARKETING_VERSION = 1.0;
				PRODUCT_BUNDLE_IDENTIFIER = "info.Application-Log-InUITests";
				PRODUCT_NAME = "$(TARGET_NAME)";
				SWIFT_EMIT_LOC_STRINGS = NO;
				SWIFT_VERSION = 5.0;
				TARGETED_DEVICE_FAMILY = "1,2";
				TEST_TARGET_NAME = "Application Log In";
			};
			name = Release;
		};
/* End XCBuildConfiguration section */

/* Begin XCConfigurationList section */
		18C9A2C12D384AF000459825 /* Build configuration list for PBXProject "Application Log In" */ = {
			isa = XCConfigurationList;
			buildConfigurations = (
				18C9A2F22D384AF100459825 /* Debug */,
				18C9A2F32D384AF100459825 /* Release */,
			);
			defaultConfigurationIsVisible = 0;
			defaultConfigurationName = Release;
		};
		18C9A2EF2D384AF100459825 /* Build configuration list for PBXNativeTarget "Application Log In" */ = {
			isa = XCConfigurationList;
			buildConfigurations = (
				18C9A2F02D384AF100459825 /* Debug */,
				18C9A2F12D384AF100459825 /* Release */,
			);
			defaultConfigurationIsVisible = 0;
			defaultConfigurationName = Release;
		};
		18C9A2F42D384AF100459825 /* Build configuration list for PBXNativeTarget "Application Log InTests" */ = {
			isa = XCConfigurationList;
			buildConfigurations = (
				18C9A2F52D384AF100459825 /* Debug */,
				18C9A2F62D384AF100459825 /* Release */,
			);
			defaultConfigurationIsVisible = 0;
			defaultConfigurationName = Release;
		};
		18C9A2F72D384AF100459825 /* Build configuration list for PBXNativeTarget "Application Log InUITests" */ = {
			isa = XCConfigurationList;
			buildConfigurations = (
				18C9A2F82D384AF100459825 /* Debug */,
				18C9A2F92D384AF100459825 /* Release */,
			);
			defaultConfigurationIsVisible = 0;
			defaultConfigurationName = Release;
		};
/* End XCConfigurationList section */
	};
	rootObject = 18C9A2BE2D384AF000459825 /* Project object */;
}
