// !$*UTF8*$!
{
	archiveVersion = 1;
	classes = {
	};
	objectVersion = 77;
	objects = {

/* Begin PBXContainerItemProxy section */
		18C9A1752D37FCA400459825 /* PBXContainerItemProxy */ = {
			isa = PBXContainerItemProxy;
			containerPortal = 18C9A1562D37FCA200459825 /* Project object */;
			proxyType = 1;
			remoteGlobalIDString = 18C9A15D2D37FCA200459825;
			remoteInfo = "Multi-Screen support";
		};
		18C9A17F2D37FCA400459825 /* PBXContainerItemProxy */ = {
			isa = PBXContainerItemProxy;
			containerPortal = 18C9A1562D37FCA200459825 /* Project object */;
			proxyType = 1;
			remoteGlobalIDString = 18C9A15D2D37FCA200459825;
			remoteInfo = "Multi-Screen support";
		};
/* End PBXContainerItemProxy section */

/* Begin PBXFileReference section */
		18C9A15E2D37FCA200459825 /* Multi-Screen support.app */ = {isa = PBXFileReference; explicitFileType = wrapper.application; includeInIndex = 0; path = "Multi-Screen support.app"; sourceTree = BUILT_PRODUCTS_DIR; };
		18C9A1742D37FCA400459825 /* Multi-Screen supportTests.xctest */ = {isa = PBXFileReference; explicitFileType = wrapper.cfbundle; includeInIndex = 0; path = "Multi-Screen supportTests.xctest"; sourceTree = BUILT_PRODUCTS_DIR; };
		18C9A17E2D37FCA400459825 /* Multi-Screen supportUITests.xctest */ = {isa = PBXFileReference; explicitFileType = wrapper.cfbundle; includeInIndex = 0; path = "Multi-Screen supportUITests.xctest"; sourceTree = BUILT_PRODUCTS_DIR; };
/* End PBXFileReference section */

/* Begin PBXFileSystemSynchronizedBuildFileExceptionSet section */
		18C9A1862D37FCA400459825 /* Exceptions for "Multi-Screen support" folder in "Multi-Screen support" target */ = {
			isa = PBXFileSystemSynchronizedBuildFileExceptionSet;
			membershipExceptions = (
				Info.plist,
			);
			target = 18C9A15D2D37FCA200459825 /* Multi-Screen support */;
		};
/* End PBXFileSystemSynchronizedBuildFileExceptionSet section */

/* Begin PBXFileSystemSynchronizedRootGroup section */
		18C9A1602D37FCA200459825 /* Multi-Screen support */ = {
			isa = PBXFileSystemSynchronizedRootGroup;
			exceptions = (
				18C9A1862D37FCA400459825 /* Exceptions for "Multi-Screen support" folder in "Multi-Screen support" target */,
			);
			path = "Multi-Screen support";
			sourceTree = "<group>";
		};
		18C9A1772D37FCA400459825 /* Multi-Screen supportTests */ = {
			isa = PBXFileSystemSynchronizedRootGroup;
			path = "Multi-Screen supportTests";
			sourceTree = "<group>";
		};
		18C9A1812D37FCA400459825 /* Multi-Screen supportUITests */ = {
			isa = PBXFileSystemSynchronizedRootGroup;
			path = "Multi-Screen supportUITests";
			sourceTree = "<group>";
		};
/* End PBXFileSystemSynchronizedRootGroup section */

/* Begin PBXFrameworksBuildPhase section */
		18C9A15B2D37FCA200459825 /* Frameworks */ = {
			isa = PBXFrameworksBuildPhase;
			buildActionMask = 2147483647;
			files = (
			);
			runOnlyForDeploymentPostprocessing = 0;
		};
		18C9A1712D37FCA400459825 /* Frameworks */ = {
			isa = PBXFrameworksBuildPhase;
			buildActionMask = 2147483647;
			files = (
			);
			runOnlyForDeploymentPostprocessing = 0;
		};
		18C9A17B2D37FCA400459825 /* Frameworks */ = {
			isa = PBXFrameworksBuildPhase;
			buildActionMask = 2147483647;
			files = (
			);
			runOnlyForDeploymentPostprocessing = 0;
		};
/* End PBXFrameworksBuildPhase section */

/* Begin PBXGroup section */
		18C9A1552D37FCA200459825 = {
			isa = PBXGroup;
			children = (
				18C9A1602D37FCA200459825 /* Multi-Screen support */,
				18C9A1772D37FCA400459825 /* Multi-Screen supportTests */,
				18C9A1812D37FCA400459825 /* Multi-Screen supportUITests */,
				18C9A15F2D37FCA200459825 /* Products */,
			);
			sourceTree = "<group>";
		};
		18C9A15F2D37FCA200459825 /* Products */ = {
			isa = PBXGroup;
			children = (
				18C9A15E2D37FCA200459825 /* Multi-Screen support.app */,
				18C9A1742D37FCA400459825 /* Multi-Screen supportTests.xctest */,
				18C9A17E2D37FCA400459825 /* Multi-Screen supportUITests.xctest */,
			);
			name = Products;
			sourceTree = "<group>";
		};
/* End PBXGroup section */

/* Begin PBXNativeTarget section */
		18C9A15D2D37FCA200459825 /* Multi-Screen support */ = {
			isa = PBXNativeTarget;
			buildConfigurationList = 18C9A1872D37FCA400459825 /* Build configuration list for PBXNativeTarget "Multi-Screen support" */;
			buildPhases = (
				18C9A15A2D37FCA200459825 /* Sources */,
				18C9A15B2D37FCA200459825 /* Frameworks */,
				18C9A15C2D37FCA200459825 /* Resources */,
			);
			buildRules = (
			);
			dependencies = (
			);
			fileSystemSynchronizedGroups = (
				18C9A1602D37FCA200459825 /* Multi-Screen support */,
			);
			name = "Multi-Screen support";
			packageProductDependencies = (
			);
			productName = "Multi-Screen support";
			productReference = 18C9A15E2D37FCA200459825 /* Multi-Screen support.app */;
			productType = "com.apple.product-type.application";
		};
		18C9A1732D37FCA400459825 /* Multi-Screen supportTests */ = {
			isa = PBXNativeTarget;
			buildConfigurationList = 18C9A18C2D37FCA400459825 /* Build configuration list for PBXNativeTarget "Multi-Screen supportTests" */;
			buildPhases = (
				18C9A1702D37FCA400459825 /* Sources */,
				18C9A1712D37FCA400459825 /* Frameworks */,
				18C9A1722D37FCA400459825 /* Resources */,
			);
			buildRules = (
			);
			dependencies = (
				18C9A1762D37FCA400459825 /* PBXTargetDependency */,
			);
			fileSystemSynchronizedGroups = (
				18C9A1772D37FCA400459825 /* Multi-Screen supportTests */,
			);
			name = "Multi-Screen supportTests";
			packageProductDependencies = (
			);
			productName = "Multi-Screen supportTests";
			productReference = 18C9A1742D37FCA400459825 /* Multi-Screen supportTests.xctest */;
			productType = "com.apple.product-type.bundle.unit-test";
		};
		18C9A17D2D37FCA400459825 /* Multi-Screen supportUITests */ = {
			isa = PBXNativeTarget;
			buildConfigurationList = 18C9A18F2D37FCA400459825 /* Build configuration list for PBXNativeTarget "Multi-Screen supportUITests" */;
			buildPhases = (
				18C9A17A2D37FCA400459825 /* Sources */,
				18C9A17B2D37FCA400459825 /* Frameworks */,
				18C9A17C2D37FCA400459825 /* Resources */,
			);
			buildRules = (
			);
			dependencies = (
				18C9A1802D37FCA400459825 /* PBXTargetDependency */,
			);
			fileSystemSynchronizedGroups = (
				18C9A1812D37FCA400459825 /* Multi-Screen supportUITests */,
			);
			name = "Multi-Screen supportUITests";
			packageProductDependencies = (
			);
			productName = "Multi-Screen supportUITests";
			productReference = 18C9A17E2D37FCA400459825 /* Multi-Screen supportUITests.xctest */;
			productType = "com.apple.product-type.bundle.ui-testing";
		};
/* End PBXNativeTarget section */

/* Begin PBXProject section */
		18C9A1562D37FCA200459825 /* Project object */ = {
			isa = PBXProject;
			attributes = {
				BuildIndependentTargetsInParallel = 1;
				LastSwiftUpdateCheck = 1620;
				LastUpgradeCheck = 1620;
				TargetAttributes = {
					18C9A15D2D37FCA200459825 = {
						CreatedOnToolsVersion = 16.2;
					};
					18C9A1732D37FCA400459825 = {
						CreatedOnToolsVersion = 16.2;
						TestTargetID = 18C9A15D2D37FCA200459825;
					};
					18C9A17D2D37FCA400459825 = {
						CreatedOnToolsVersion = 16.2;
						TestTargetID = 18C9A15D2D37FCA200459825;
					};
				};
			};
			buildConfigurationList = 18C9A1592D37FCA200459825 /* Build configuration list for PBXProject "Multi-Screen support" */;
			developmentRegion = en;
			hasScannedForEncodings = 0;
			knownRegions = (
				en,
				Base,
			);
			mainGroup = 18C9A1552D37FCA200459825;
			minimizedProjectReferenceProxies = 1;
			preferredProjectObjectVersion = 77;
			productRefGroup = 18C9A15F2D37FCA200459825 /* Products */;
			projectDirPath = "";
			projectRoot = "";
			targets = (
				18C9A15D2D37FCA200459825 /* Multi-Screen support */,
				18C9A1732D37FCA400459825 /* Multi-Screen supportTests */,
				18C9A17D2D37FCA400459825 /* Multi-Screen supportUITests */,
			);
		};
/* End PBXProject section */

/* Begin PBXResourcesBuildPhase section */
		18C9A15C2D37FCA200459825 /* Resources */ = {
			isa = PBXResourcesBuildPhase;
			buildActionMask = 2147483647;
			files = (
			);
			runOnlyForDeploymentPostprocessing = 0;
		};
		18C9A1722D37FCA400459825 /* Resources */ = {
			isa = PBXResourcesBuildPhase;
			buildActionMask = 2147483647;
			files = (
			);
			runOnlyForDeploymentPostprocessing = 0;
		};
		18C9A17C2D37FCA400459825 /* Resources */ = {
			isa = PBXResourcesBuildPhase;
			buildActionMask = 2147483647;
			files = (
			);
			runOnlyForDeploymentPostprocessing = 0;
		};
/* End PBXResourcesBuildPhase section */

/* Begin PBXSourcesBuildPhase section */
		18C9A15A2D37FCA200459825 /* Sources */ = {
			isa = PBXSourcesBuildPhase;
			buildActionMask = 2147483647;
			files = (
			);
			runOnlyForDeploymentPostprocessing = 0;
		};
		18C9A1702D37FCA400459825 /* Sources */ = {
			isa = PBXSourcesBuildPhase;
			buildActionMask = 2147483647;
			files = (
			);
			runOnlyForDeploymentPostprocessing = 0;
		};
		18C9A17A2D37FCA400459825 /* Sources */ = {
			isa = PBXSourcesBuildPhase;
			buildActionMask = 2147483647;
			files = (
			);
			runOnlyForDeploymentPostprocessing = 0;
		};
/* End PBXSourcesBuildPhase section */

/* Begin PBXTargetDependency section */
		18C9A1762D37FCA400459825 /* PBXTargetDependency */ = {
			isa = PBXTargetDependency;
			target = 18C9A15D2D37FCA200459825 /* Multi-Screen support */;
			targetProxy = 18C9A1752D37FCA400459825 /* PBXContainerItemProxy */;
		};
		18C9A1802D37FCA400459825 /* PBXTargetDependency */ = {
			isa = PBXTargetDependency;
			target = 18C9A15D2D37FCA200459825 /* Multi-Screen support */;
			targetProxy = 18C9A17F2D37FCA400459825 /* PBXContainerItemProxy */;
		};
/* End PBXTargetDependency section */

/* Begin XCBuildConfiguration section */
		18C9A1882D37FCA400459825 /* Debug */ = {
			isa = XCBuildConfiguration;
			buildSettings = {
				ASSETCATALOG_COMPILER_APPICON_NAME = AppIcon;
				ASSETCATALOG_COMPILER_GLOBAL_ACCENT_COLOR_NAME = AccentColor;
				CODE_SIGN_STYLE = Automatic;
				CURRENT_PROJECT_VERSION = 1;
				DEVELOPMENT_TEAM = 5GF67AW776;
				GENERATE_INFOPLIST_FILE = YES;
				INFOPLIST_FILE = "Multi-Screen support/Info.plist";
				INFOPLIST_KEY_UIApplicationSupportsIndirectInputEvents = YES;
				INFOPLIST_KEY_UILaunchStoryboardName = LaunchScreen;
				INFOPLIST_KEY_UIMainStoryboardFile = Main;
				INFOPLIST_KEY_UISupportedInterfaceOrientations_iPad = "UIInterfaceOrientationPortrait UIInterfaceOrientationPortraitUpsideDown UIInterfaceOrientationLandscapeLeft UIInterfaceOrientationLandscapeRight";
				INFOPLIST_KEY_UISupportedInterfaceOrientations_iPhone = "UIInterfaceOrientationPortrait UIInterfaceOrientationLandscapeLeft UIInterfaceOrientationLandscapeRight";
				LD_RUNPATH_SEARCH_PATHS = (
					"$(inherited)",
					"@executable_path/Frameworks",
				);
				MARKETING_VERSION = 1.0;
				PRODUCT_BUNDLE_IDENTIFIER = "info.Multi-Screen-support";
				PRODUCT_NAME = "$(TARGET_NAME)";
				SWIFT_EMIT_LOC_STRINGS = YES;
				SWIFT_VERSION = 5.0;
				TARGETED_DEVICE_FAMILY = "1,2";
			};
			name = Debug;
		};
		18C9A1892D37FCA400459825 /* Release */ = {
			isa = XCBuildConfiguration;
			buildSettings = {
				ASSETCATALOG_COMPILER_APPICON_NAME = AppIcon;
				ASSETCATALOG_COMPILER_GLOBAL_ACCENT_COLOR_NAME = AccentColor;
				CODE_SIGN_STYLE = Automatic;
				CURRENT_PROJECT_VERSION = 1;
				DEVELOPMENT_TEAM = 5GF67AW776;
				GENERATE_INFOPLIST_FILE = YES;
				INFOPLIST_FILE = "Multi-Screen support/Info.plist";
				INFOPLIST_KEY_UIApplicationSupportsIndirectInputEvents = YES;
				INFOPLIST_KEY_UILaunchStoryboardName = LaunchScreen;
				INFOPLIST_KEY_UIMainStoryboardFile = Main;
				INFOPLIST_KEY_UISupportedInterfaceOrientations_iPad = "UIInterfaceOrientationPortrait UIInterfaceOrientationPortraitUpsideDown UIInterfaceOrientationLandscapeLeft UIInterfaceOrientationLandscapeRight";
				INFOPLIST_KEY_UISupportedInterfaceOrientations_iPhone = "UIInterfaceOrientationPortrait UIInterfaceOrientationLandscapeLeft UIInterfaceOrientationLandscapeRight";
				LD_RUNPATH_SEARCH_PATHS = (
					"$(inherited)",
					"@executable_path/Frameworks",
				);
				MARKETING_VERSION = 1.0;
				PRODUCT_BUNDLE_IDENTIFIER = "info.Multi-Screen-support";
				PRODUCT_NAME = "$(TARGET_NAME)";
				SWIFT_EMIT_LOC_STRINGS = YES;
				SWIFT_VERSION = 5.0;
				TARGETED_DEVICE_FAMILY = "1,2";
			};
			name = Release;
		};
		18C9A18A2D37FCA400459825 /* Debug */ = {
			isa = XCBuildConfiguration;
			buildSettings = {
				ALWAYS_SEARCH_USER_PATHS = NO;
				ASSETCATALOG_COMPILER_GENERATE_SWIFT_ASSET_SYMBOL_EXTENSIONS = YES;
				CLANG_ANALYZER_NONNULL = YES;
				CLANG_ANALYZER_NUMBER_OBJECT_CONVERSION = YES_AGGRESSIVE;
				CLANG_CXX_LANGUAGE_STANDARD = "gnu++20";
				CLANG_ENABLE_MODULES = YES;
				CLANG_ENABLE_OBJC_ARC = YES;
				CLANG_ENABLE_OBJC_WEAK = YES;
				CLANG_WARN_BLOCK_CAPTURE_AUTORELEASING = YES;
				CLANG_WARN_BOOL_CONVERSION = YES;
				CLANG_WARN_COMMA = YES;
				CLANG_WARN_CONSTANT_CONVERSION = YES;
				CLANG_WARN_DEPRECATED_OBJC_IMPLEMENTATIONS = YES;
				CLANG_WARN_DIRECT_OBJC_ISA_USAGE = YES_ERROR;
				CLANG_WARN_DOCUMENTATION_COMMENTS = YES;
				CLANG_WARN_EMPTY_BODY = YES;
				CLANG_WARN_ENUM_CONVERSION = YES;
				CLANG_WARN_INFINITE_RECURSION = YES;
				CLANG_WARN_INT_CONVERSION = YES;
				CLANG_WARN_NON_LITERAL_NULL_CONVERSION = YES;
				CLANG_WARN_OBJC_IMPLICIT_RETAIN_SELF = YES;
				CLANG_WARN_OBJC_LITERAL_CONVERSION = YES;
				CLANG_WARN_OBJC_ROOT_CLASS = YES_ERROR;
				CLANG_WARN_QUOTED_INCLUDE_IN_FRAMEWORK_HEADER = YES;
				CLANG_WARN_RANGE_LOOP_ANALYSIS = YES;
				CLANG_WARN_STRICT_PROTOTYPES = YES;
				CLANG_WARN_SUSPICIOUS_MOVE = YES;
				CLANG_WARN_UNGUARDED_AVAILABILITY = YES_AGGRESSIVE;
				CLANG_WARN_UNREACHABLE_CODE = YES;
				CLANG_WARN__DUPLICATE_METHOD_MATCH = YES;
				COPY_PHASE_STRIP = NO;
				DEBUG_INFORMATION_FORMAT = dwarf;
				ENABLE_STRICT_OBJC_MSGSEND = YES;
				ENABLE_TESTABILITY = YES;
				ENABLE_USER_SCRIPT_SANDBOXING = YES;
				GCC_C_LANGUAGE_STANDARD = gnu17;
				GCC_DYNAMIC_NO_PIC = NO;
				GCC_NO_COMMON_BLOCKS = YES;
				GCC_OPTIMIZATION_LEVEL = 0;
				GCC_PREPROCESSOR_DEFINITIONS = (
					"DEBUG=1",
					"$(inherited)",
				);
				GCC_WARN_64_TO_32_BIT_CONVERSION = YES;
				GCC_WARN_ABOUT_RETURN_TYPE = YES_ERROR;
				GCC_WARN_UNDECLARED_SELECTOR = YES;
				GCC_WARN_UNINITIALIZED_AUTOS = YES_AGGRESSIVE;
				GCC_WARN_UNUSED_FUNCTION = YES;
				GCC_WARN_UNUSED_VARIABLE = YES;
				IPHONEOS_DEPLOYMENT_TARGET = 18.2;
				LOCALIZATION_PREFERS_STRING_CATALOGS = YES;
				MTL_ENABLE_DEBUG_INFO = INCLUDE_SOURCE;
				MTL_FAST_MATH = YES;
				ONLY_ACTIVE_ARCH = YES;
				SDKROOT = iphoneos;
				SWIFT_ACTIVE_COMPILATION_CONDITIONS = "DEBUG $(inherited)";
				SWIFT_OPTIMIZATION_LEVEL = "-Onone";
			};
			name = Debug;
		};
		18C9A18B2D37FCA400459825 /* Release */ = {
			isa = XCBuildConfiguration;
			buildSettings = {
				ALWAYS_SEARCH_USER_PATHS = NO;
				ASSETCATALOG_COMPILER_GENERATE_SWIFT_ASSET_SYMBOL_EXTENSIONS = YES;
				CLANG_ANALYZER_NONNULL = YES;
				CLANG_ANALYZER_NUMBER_OBJECT_CONVERSION = YES_AGGRESSIVE;
				CLANG_CXX_LANGUAGE_STANDARD = "gnu++20";
				CLANG_ENABLE_MODULES = YES;
				CLANG_ENABLE_OBJC_ARC = YES;
				CLANG_ENABLE_OBJC_WEAK = YES;
				CLANG_WARN_BLOCK_CAPTURE_AUTORELEASING = YES;
				CLANG_WARN_BOOL_CONVERSION = YES;
				CLANG_WARN_COMMA = YES;
				CLANG_WARN_CONSTANT_CONVERSION = YES;
				CLANG_WARN_DEPRECATED_OBJC_IMPLEMENTATIONS = YES;
				CLANG_WARN_DIRECT_OBJC_ISA_USAGE = YES_ERROR;
				CLANG_WARN_DOCUMENTATION_COMMENTS = YES;
				CLANG_WARN_EMPTY_BODY = YES;
				CLANG_WARN_ENUM_CONVERSION = YES;
				CLANG_WARN_INFINITE_RECURSION = YES;
				CLANG_WARN_INT_CONVERSION = YES;
				CLANG_WARN_NON_LITERAL_NULL_CONVERSION = YES;
				CLANG_WARN_OBJC_IMPLICIT_RETAIN_SELF = YES;
				CLANG_WARN_OBJC_LITERAL_CONVERSION = YES;
				CLANG_WARN_OBJC_ROOT_CLASS = YES_ERROR;
				CLANG_WARN_QUOTED_INCLUDE_IN_FRAMEWORK_HEADER = YES;
				CLANG_WARN_RANGE_LOOP_ANALYSIS = YES;
				CLANG_WARN_STRICT_PROTOTYPES = YES;
				CLANG_WARN_SUSPICIOUS_MOVE = YES;
				CLANG_WARN_UNGUARDED_AVAILABILITY = YES_AGGRESSIVE;
				CLANG_WARN_UNREACHABLE_CODE = YES;
				CLANG_WARN__DUPLICATE_METHOD_MATCH = YES;
				COPY_PHASE_STRIP = NO;
				DEBUG_INFORMATION_FORMAT = "dwarf-with-dsym";
				ENABLE_NS_ASSERTIONS = NO;
				ENABLE_STRICT_OBJC_MSGSEND = YES;
				ENABLE_USER_SCRIPT_SANDBOXING = YES;
				GCC_C_LANGUAGE_STANDARD = gnu17;
				GCC_NO_COMMON_BLOCKS = YES;
				GCC_WARN_64_TO_32_BIT_CONVERSION = YES;
				GCC_WARN_ABOUT_RETURN_TYPE = YES_ERROR;
				GCC_WARN_UNDECLARED_SELECTOR = YES;
				GCC_WARN_UNINITIALIZED_AUTOS = YES_AGGRESSIVE;
				GCC_WARN_UNUSED_FUNCTION = YES;
				GCC_WARN_UNUSED_VARIABLE = YES;
				IPHONEOS_DEPLOYMENT_TARGET = 18.2;
				LOCALIZATION_PREFERS_STRING_CATALOGS = YES;
				MTL_ENABLE_DEBUG_INFO = NO;
				MTL_FAST_MATH = YES;
				SDKROOT = iphoneos;
				SWIFT_COMPILATION_MODE = wholemodule;
				VALIDATE_PRODUCT = YES;
			};
			name = Release;
		};
		18C9A18D2D37FCA400459825 /* Debug */ = {
			isa = XCBuildConfiguration;
			buildSettings = {
				BUNDLE_LOADER = "$(TEST_HOST)";
				CODE_SIGN_STYLE = Automatic;
				CURRENT_PROJECT_VERSION = 1;
				DEVELOPMENT_TEAM = 5GF67AW776;
				GENERATE_INFOPLIST_FILE = YES;
				IPHONEOS_DEPLOYMENT_TARGET = 18.2;
				MARKETING_VERSION = 1.0;
				PRODUCT_BUNDLE_IDENTIFIER = "info.Multi-Screen-supportTests";
				PRODUCT_NAME = "$(TARGET_NAME)";
				SWIFT_EMIT_LOC_STRINGS = NO;
				SWIFT_VERSION = 5.0;
				TARGETED_DEVICE_FAMILY = "1,2";
				TEST_HOST = "$(BUILT_PRODUCTS_DIR)/Multi-Screen support.app/$(BUNDLE_EXECUTABLE_FOLDER_PATH)/Multi-Screen support";
			};
			name = Debug;
		};
		18C9A18E2D37FCA400459825 /* Release */ = {
			isa = XCBuildConfiguration;
			buildSettings = {
				BUNDLE_LOADER = "$(TEST_HOST)";
				CODE_SIGN_STYLE = Automatic;
				CURRENT_PROJECT_VERSION = 1;
				DEVELOPMENT_TEAM = 5GF67AW776;
				GENERATE_INFOPLIST_FILE = YES;
				IPHONEOS_DEPLOYMENT_TARGET = 18.2;
				MARKETING_VERSION = 1.0;
				PRODUCT_BUNDLE_IDENTIFIER = "info.Multi-Screen-supportTests";
				PRODUCT_NAME = "$(TARGET_NAME)";
				SWIFT_EMIT_LOC_STRINGS = NO;
				SWIFT_VERSION = 5.0;
				TARGETED_DEVICE_FAMILY = "1,2";
				TEST_HOST = "$(BUILT_PRODUCTS_DIR)/Multi-Screen support.app/$(BUNDLE_EXECUTABLE_FOLDER_PATH)/Multi-Screen support";
			};
			name = Release;
		};
		18C9A1902D37FCA400459825 /* Debug */ = {
			isa = XCBuildConfiguration;
			buildSettings = {
				CODE_SIGN_STYLE = Automatic;
				CURRENT_PROJECT_VERSION = 1;
				DEVELOPMENT_TEAM = 5GF67AW776;
				GENERATE_INFOPLIST_FILE = YES;
				MARKETING_VERSION = 1.0;
				PRODUCT_BUNDLE_IDENTIFIER = "info.Multi-Screen-supportUITests";
				PRODUCT_NAME = "$(TARGET_NAME)";
				SWIFT_EMIT_LOC_STRINGS = NO;
				SWIFT_VERSION = 5.0;
				TARGETED_DEVICE_FAMILY = "1,2";
				TEST_TARGET_NAME = "Multi-Screen support";
			};
			name = Debug;
		};
		18C9A1912D37FCA400459825 /* Release */ = {
			isa = XCBuildConfiguration;
			buildSettings = {
				CODE_SIGN_STYLE = Automatic;
				CURRENT_PROJECT_VERSION = 1;
				DEVELOPMENT_TEAM = 5GF67AW776;
				GENERATE_INFOPLIST_FILE = YES;
				MARKETING_VERSION = 1.0;
				PRODUCT_BUNDLE_IDENTIFIER = "info.Multi-Screen-supportUITests";
				PRODUCT_NAME = "$(TARGET_NAME)";
				SWIFT_EMIT_LOC_STRINGS = NO;
				SWIFT_VERSION = 5.0;
				TARGETED_DEVICE_FAMILY = "1,2";
				TEST_TARGET_NAME = "Multi-Screen support";
			};
			name = Release;
		};
/* End XCBuildConfiguration section */

/* Begin XCConfigurationList section */
		18C9A1592D37FCA200459825 /* Build configuration list for PBXProject "Multi-Screen support" */ = {
			isa = XCConfigurationList;
			buildConfigurations = (
				18C9A18A2D37FCA400459825 /* Debug */,
				18C9A18B2D37FCA400459825 /* Release */,
			);
			defaultConfigurationIsVisible = 0;
			defaultConfigurationName = Release;
		};
		18C9A1872D37FCA400459825 /* Build configuration list for PBXNativeTarget "Multi-Screen support" */ = {
			isa = XCConfigurationList;
			buildConfigurations = (
				18C9A1882D37FCA400459825 /* Debug */,
				18C9A1892D37FCA400459825 /* Release */,
			);
			defaultConfigurationIsVisible = 0;
			defaultConfigurationName = Release;
		};
		18C9A18C2D37FCA400459825 /* Build configuration list for PBXNativeTarget "Multi-Screen supportTests" */ = {
			isa = XCConfigurationList;
			buildConfigurations = (
				18C9A18D2D37FCA400459825 /* Debug */,
				18C9A18E2D37FCA400459825 /* Release */,
			);
			defaultConfigurationIsVisible = 0;
			defaultConfigurationName = Release;
		};
		18C9A18F2D37FCA400459825 /* Build configuration list for PBXNativeTarget "Multi-Screen supportUITests" */ = {
			isa = XCConfigurationList;
			buildConfigurations = (
				18C9A1902D37FCA400459825 /* Debug */,
				18C9A1912D37FCA400459825 /* Release */,
			);
			defaultConfigurationIsVisible = 0;
			defaultConfigurationName = Release;
		};
/* End XCConfigurationList section */
	};
	rootObject = 18C9A1562D37FCA200459825 /* Project object */;
}
